
Microsoft Visual Studio Solution File, Format Version 12.00
# Visual Studio 15
VisualStudioVersion = 15.0.28307.1800
MinimumVisualStudioVersion = 10.0.40219.1
Project("{9A19103F-16F7-4668-BE54-9A1E7A4F7556}") = "KampIntro", "KampIntro\KampIntro.csproj", "{6666AD06-7DD2-4445-BA03-766EC238D36E}"
EndProject
Project("{9A19103F-16F7-4668-BE54-9A1E7A4F7556}") = "Döngüler", "Döngüler\Döngüler.csproj", "{BF47791F-760C-41A8-817E-D2EBA35FEE7F}"
EndProject
Project("{9A19103F-16F7-4668-BE54-9A1E7A4F7556}") = "ClassIntro", "ClassIntro\ClassIntro.csproj", "{03D89407-848A-4525-ABBC-A57EF6AB56B3}"
EndProject
Project("{9A19103F-16F7-4668-BE54-9A1E7A4F7556}") = "Metotlar", "Metotlar\Metotlar.csproj", "{1270F3EE-C393-469F-B388-D1E202F05E8C}"
EndProject
Project("{9A19103F-16F7-4668-BE54-9A1E7A4F7556}") = "ClassMetotDemo", "ClassMetotDemo\ClassMetotDemo.csproj", "{5E9F5779-34D2-4D95-A0A4-D272C4269938}"
EndProject
Project("{9A19103F-16F7-4668-BE54-9A1E7A4F7556}") = "DegerVeReferansTipler", "DegerVeReferansTipler\DegerVeReferansTipler.csproj", "{E548064A-480F-40A1-AE94-BC1C2CCB55FE}"
EndProject
Project("{9A19103F-16F7-4668-BE54-9A1E7A4F7556}") = "Matematik", "Matematik\Matematik.csproj", "{ED7908A2-9BD9-45AE-AB83-7BA5BDE75B81}"
EndProject
Project("{9A19103F-16F7-4668-BE54-9A1E7A4F7556}") = "OOP1", "OOP1\OOP1.csproj", "{77BF909C-79A8-461B-9199-E483FF7DEFD5}"
EndProject
Project("{FAE04EC0-301F-11D3-BF4B-00C04F79EFBC}") = "Koleksiyonlar", "Koleksiyonlar\Koleksiyonlar.csproj", "{418080DB-9352-4532-9A3F-DB5C5E3FB2A1}"
EndProject
Project("{FAE04EC0-301F-11D3-BF4B-00C04F79EFBC}") = "GenericsIntro", "GenericsIntro\GenericsIntro.csproj", "{42BF463E-C777-4FC3-828F-06C00EB66C72}"
EndProject
Global
	GlobalSection(SolutionConfigurationPlatforms) = preSolution
		Debug|Any CPU = Debug|Any CPU
		Release|Any CPU = Release|Any CPU
	EndGlobalSection
	GlobalSection(ProjectConfigurationPlatforms) = postSolution
		{6666AD06-7DD2-4445-BA03-766EC238D36E}.Debug|Any CPU.ActiveCfg = Debug|Any CPU
		{6666AD06-7DD2-4445-BA03-766EC238D36E}.Debug|Any CPU.Build.0 = Debug|Any CPU
		{6666AD06-7DD2-4445-BA03-766EC238D36E}.Release|Any CPU.ActiveCfg = Release|Any CPU
		{6666AD06-7DD2-4445-BA03-766EC238D36E}.Release|Any CPU.Build.0 = Release|Any CPU
		{BF47791F-760C-41A8-817E-D2EBA35FEE7F}.Debug|Any CPU.ActiveCfg = Debug|Any CPU
		{BF47791F-760C-41A8-817E-D2EBA35FEE7F}.Debug|Any CPU.Build.0 = Debug|Any CPU
		{BF47791F-760C-41A8-817E-D2EBA35FEE7F}.Release|Any CPU.ActiveCfg = Release|Any CPU
		{BF47791F-760C-41A8-817E-D2EBA35FEE7F}.Release|Any CPU.Build.0 = Release|Any CPU
		{03D89407-848A-4525-ABBC-A57EF6AB56B3}.Debug|Any CPU.ActiveCfg = Debug|Any CPU
		{03D89407-848A-4525-ABBC-A57EF6AB56B3}.Debug|Any CPU.Build.0 = Debug|Any CPU
		{03D89407-848A-4525-ABBC-A57EF6AB56B3}.Release|Any CPU.ActiveCfg = Release|Any CPU
		{03D89407-848A-4525-ABBC-A57EF6AB56B3}.Release|Any CPU.Build.0 = Release|Any CPU
		{1270F3EE-C393-469F-B388-D1E202F05E8C}.Debug|Any CPU.ActiveCfg = Debug|Any CPU
		{1270F3EE-C393-469F-B388-D1E202F05E8C}.Debug|Any CPU.Build.0 = Debug|Any CPU
		{1270F3EE-C393-469F-B388-D1E202F05E8C}.Release|Any CPU.ActiveCfg = Release|Any CPU
		{1270F3EE-C393-469F-B388-D1E202F05E8C}.Release|Any CPU.Build.0 = Release|Any CPU
		{5E9F5779-34D2-4D95-A0A4-D272C4269938}.Debug|Any CPU.ActiveCfg = Debug|Any CPU
		{5E9F5779-34D2-4D95-A0A4-D272C4269938}.Debug|Any CPU.Build.0 = Debug|Any CPU
		{5E9F5779-34D2-4D95-A0A4-D272C4269938}.Release|Any CPU.ActiveCfg = Release|Any CPU
		{5E9F5779-34D2-4D95-A0A4-D272C4269938}.Release|Any CPU.Build.0 = Release|Any CPU
		{E548064A-480F-40A1-AE94-BC1C2CCB55FE}.Debug|Any CPU.ActiveCfg = Debug|Any CPU
		{E548064A-480F-40A1-AE94-BC1C2CCB55FE}.Debug|Any CPU.Build.0 = Debug|Any CPU
		{E548064A-480F-40A1-AE94-BC1C2CCB55FE}.Release|Any CPU.ActiveCfg = Release|Any CPU
		{E548064A-480F-40A1-AE94-BC1C2CCB55FE}.Release|Any CPU.Build.0 = Release|Any CPU
		{ED7908A2-9BD9-45AE-AB83-7BA5BDE75B81}.Debug|Any CPU.ActiveCfg = Debug|Any CPU
		{ED7908A2-9BD9-45AE-AB83-7BA5BDE75B81}.Debug|Any CPU.Build.0 = Debug|Any CPU
		{ED7908A2-9BD9-45AE-AB83-7BA5BDE75B81}.Release|Any CPU.ActiveCfg = Release|Any CPU
		{ED7908A2-9BD9-45AE-AB83-7BA5BDE75B81}.Release|Any CPU.Build.0 = Release|Any CPU
		{77BF909C-79A8-461B-9199-E483FF7DEFD5}.Debug|Any CPU.ActiveCfg = Debug|Any CPU
		{77BF909C-79A8-461B-9199-E483FF7DEFD5}.Debug|Any CPU.Build.0 = Debug|Any CPU
		{77BF909C-79A8-461B-9199-E483FF7DEFD5}.Release|Any CPU.ActiveCfg = Release|Any CPU
		{77BF909C-79A8-461B-9199-E483FF7DEFD5}.Release|Any CPU.Build.0 = Release|Any CPU
		{418080DB-9352-4532-9A3F-DB5C5E3FB2A1}.Debug|Any CPU.ActiveCfg = Debug|Any CPU
		{418080DB-9352-4532-9A3F-DB5C5E3FB2A1}.Debug|Any CPU.Build.0 = Debug|Any CPU
		{418080DB-9352-4532-9A3F-DB5C5E3FB2A1}.Release|Any CPU.ActiveCfg = Release|Any CPU
		{418080DB-9352-4532-9A3F-DB5C5E3FB2A1}.Release|Any CPU.Build.0 = Release|Any CPU
		{42BF463E-C777-4FC3-828F-06C00EB66C72}.Debug|Any CPU.ActiveCfg = Debug|Any CPU
		{42BF463E-C777-4FC3-828F-06C00EB66C72}.Debug|Any CPU.Build.0 = Debug|Any CPU
		{42BF463E-C777-4FC3-828F-06C00EB66C72}.Release|Any CPU.ActiveCfg = Release|Any CPU
		{42BF463E-C777-4FC3-828F-06C00EB66C72}.Release|Any CPU.Build.0 = Release|Any CPU
	EndGlobalSection
	GlobalSection(SolutionProperties) = preSolution
		HideSolutionNode = FALSE
	EndGlobalSection
	GlobalSection(ExtensibilityGlobals) = postSolution
		SolutionGuid = {EF107A8C-0A4E-4E75-AF3E-4838D3C12E25}
	EndGlobalSection
EndGlobal
